
Microsoft Visual Studio Solution File, Format Version 12.00
# Visual Studio Version 16
VisualStudioVersion = 16.0.29009.5
MinimumVisualStudioVersion = 10.0.40219.1
Project("{FAE04EC0-301F-11D3-BF4B-00C04F79EFBC}") = "Bank", "Bank\Bank.csproj", "{3D309ABB-FEE5-4FAE-89DD-C335388C131A}"
EndProject
Project("{FAE04EC0-301F-11D3-BF4B-00C04F79EFBC}") = "BankUnitTest", "BankUnitTest\BankUnitTest.csproj", "{DC4D13AD-6F38-4731-A287-0B45167B39A9}"
EndProject
Global
	GlobalSection(SolutionConfigurationPlatforms) = preSolution
		Debug|Any CPU = Debug|Any CPU
		Release|Any CPU = Release|Any CPU
	EndGlobalSection
	GlobalSection(ProjectConfigurationPlatforms) = postSolution
		{3D309ABB-FEE5-4FAE-89DD-C335388C131A}.Debug|Any CPU.ActiveCfg = Debug|Any CPU
		{3D309ABB-FEE5-4FAE-89DD-C335388C131A}.Debug|Any CPU.Build.0 = Debug|Any CPU
		{3D309ABB-FEE5-4FAE-89DD-C335388C131A}.Release|Any CPU.ActiveCfg = Release|Any CPU
		{3D309ABB-FEE5-4FAE-89DD-C335388C131A}.Release|Any CPU.Build.0 = Release|Any CPU
		{DC4D13AD-6F38-4731-A287-0B45167B39A9}.Debug|Any CPU.ActiveCfg = Debug|Any CPU
		{DC4D13AD-6F38-4731-A287-0B45167B39A9}.Debug|Any CPU.Build.0 = Debug|Any CPU
		{DC4D13AD-6F38-4731-A287-0B45167B39A9}.Release|Any CPU.ActiveCfg = Release|Any CPU
		{DC4D13AD-6F38-4731-A287-0B45167B39A9}.Release|Any CPU.Build.0 = Release|Any CPU
	EndGlobalSection
	GlobalSection(SolutionProperties) = preSolution
		HideSolutionNode = FALSE
	EndGlobalSection
	GlobalSection(ExtensibilityGlobals) = postSolution
		SolutionGuid = {955F725D-736F-4247-92BA-03526782EA2B}
	EndGlobalSection
EndGlobal
